<?xml version="1.0" encoding="UTF-8"?>
<Scheme
   LastUpgradeVersion = "0630"
   version = "2.0">
   <BuildAction
      parallelizeBuildables = "YES"
      buildImplicitDependencies = "YES">
      <BuildActionEntries>
         <BuildActionEntry
            buildForTesting = "YES"
            buildForRunning = "YES"
            buildForProfiling = "YES"
            buildForArchiving = "YES"
            buildForAnalyzing = "YES">
            <BuildableReference
               BuildableIdentifier = "primary"
               BlueprintIdentifier = "72E75D361AFBC7CB0017E86B"
               BuildableName = "TopMovies WatchKit App.app"
               BlueprintName = "TopMovies WatchKit App"
               ReferencedContainer = "container:TopMovies.xcodeproj">
            </BuildableReference>
         </BuildActionEntry>
         <BuildActionEntry
            buildForTesting = "YES"
            buildForRunning = "YES"
            buildForProfiling = "YES"
            buildForArchiving = "YES"
            buildForAnalyzing = "YES">
            <BuildableReference
               BuildableIdentifier = "primary"
               BlueprintIdentifier = "0301C7F91995675B00DED54B"
               BuildableName = "TopMovies.app"
               BlueprintName = "TopMovies"
               ReferencedContainer = "container:TopMovies.xcodeproj">
            </BuildableReference>
         </BuildActionEntry>
         <BuildActionEntry
            buildForTesting = "YES"
            buildForRunning = "YES"
            buildForProfiling = "YES"
            buildForArchiving = "YES"
            buildForAnalyzing = "YES">
            <BuildableReference
               BuildableIdentifier = "primary"
               BlueprintIdentifier = "72E75D291AFBC7CB0017E86B"
               BuildableName = "TopMovies WatchKit Extension.appex"
               BlueprintName = "TopMovies WatchKit Extension"
               ReferencedContainer = "container:TopMovies.xcodeproj">
            </BuildableReference>
         </BuildActionEntry>
      </BuildActionEntries>
   </BuildAction>
   <TestAction
      selectedDebuggerIdentifier = "Xcode.DebuggerFoundation.Debugger.LLDB"
      selectedLauncherIdentifier = "Xcode.DebuggerFoundation.Launcher.LLDB"
      shouldUseLaunchSchemeArgsEnv = "YES"
      buildConfiguration = "Debug">
      <Testables>
      </Testables>
      <MacroExpansion>
         <BuildableReference
            BuildableIdentifier = "primary"
            BlueprintIdentifier = "72E75D361AFBC7CB0017E86B"
            BuildableName = "TopMovies WatchKit App.app"
            BlueprintName = "TopMovies WatchKit App"
            ReferencedContainer = "container:TopMovies.xcodeproj">
         </BuildableReference>
      </MacroExpansion>
   </TestAction>
   <LaunchAction
      selectedDebuggerIdentifier = "Xcode.DebuggerFoundation.Debugger.LLDB"
      selectedLauncherIdentifier = "Xcode.DebuggerFoundation.Launcher.LLDB"
      launchStyle = "0"
      useCustomWorkingDirectory = "NO"
      buildConfiguration = "Debug"
      ignoresPersistentStateOnLaunch = "NO"
      debugDocumentVersioning = "YES"
      allowLocationSimulation = "YES"
      launchAutomaticallySubstyle = "8"
      notificationPayloadFile = "TopMovies WatchKit Extension/PushNotificationPayload.apns">
      <RemoteRunnable
         runnableDebuggingMode = "2"
         BundleIdentifier = "com.apple.springboard"
         RemotePath = "/TopMovies">
         <BuildableReference
            BuildableIdentifier = "primary"
            BlueprintIdentifier = "72E75D361AFBC7CB0017E86B"
            BuildableName = "TopMovies WatchKit App.app"
            BlueprintName = "TopMovies WatchKit App"
            ReferencedContainer = "container:TopMovies.xcodeproj">
         </BuildableReference>
      </RemoteRunnable>
      <MacroExpansion>
         <BuildableReference
            BuildableIdentifier = "primary"
            BlueprintIdentifier = "72E75D361AFBC7CB0017E86B"
            BuildableName = "TopMovies WatchKit App.app"
            BlueprintName = "TopMovies WatchKit App"
            ReferencedContainer = "container:TopMovies.xcodeproj">
         </BuildableReference>
      </MacroExpansion>
      <AdditionalOptions>
      </AdditionalOptions>
   </LaunchAction>
   <ProfileAction
      shouldUseLaunchSchemeArgsEnv = "YES"
      savedToolIdentifier = ""
      useCustomWorkingDirectory = "NO"
      buildConfiguration = "Release"
      debugDocumentVersioning = "YES"
      launchAutomaticallySubstyle = "8"
      notificationPayloadFile = "TopMovies WatchKit Extension/PushNotificationPayload.apns">
      <RemoteRunnable
         runnableDebuggingMode = "2"
         BundleIdentifier = "com.apple.springboard"
         RemotePath = "/TopMovies">
         <BuildableReference
            BuildableIdentifier = "primary"
            BlueprintIdentifier = "72E75D361AFBC7CB0017E86B"
            BuildableName = "TopMovies WatchKit App.app"
            BlueprintName = "TopMovies WatchKit App"
            ReferencedContainer = "container:TopMovies.xcodeproj">
         </BuildableReference>
      </RemoteRunnable>
      <MacroExpansion>
         <BuildableReference
            BuildableIdentifier = "primary"
            BlueprintIdentifier = "72E75D361AFBC7CB0017E86B"
            BuildableName = "TopMovies WatchKit App.app"
            BlueprintName = "TopMovies WatchKit App"
            ReferencedContainer = "container:TopMovies.xcodeproj">
         </BuildableReference>
      </MacroExpansion>
   </ProfileAction>
   <AnalyzeAction
      buildConfiguration = "Debug">
   </AnalyzeAction>
   <ArchiveAction
      buildConfiguration = "Release"
      revealArchiveInOrganizer = "YES">
   </ArchiveAction>
</Scheme>
